
Microsoft Visual Studio Solution File, Format Version 12.00
# Visual Studio Version 16
VisualStudioVersion = 16.0.32510.428
MinimumVisualStudioVersion = 10.0.40219.1
Project("{FAE04EC0-301F-11D3-BF4B-00C04F79EFBC}") = "Novate", "Novate.csproj", "{C281AFF7-D452-4B8A-A5D2-BD1EDA12E777}"
EndProject
Global
	GlobalSection(SolutionConfigurationPlatforms) = preSolution
		Debug|Any CPU = Debug|Any CPU
		Release|Any CPU = Release|Any CPU
	EndGlobalSection
	GlobalSection(ProjectConfigurationPlatforms) = postSolution
		{C281AFF7-D452-4B8A-A5D2-BD1EDA12E777}.Debug|Any CPU.ActiveCfg = Debug|Any CPU
		{C281AFF7-D452-4B8A-A5D2-BD1EDA12E777}.Debug|Any CPU.Build.0 = Debug|Any CPU
		{C281AFF7-D452-4B8A-A5D2-BD1EDA12E777}.Release|Any CPU.ActiveCfg = Release|Any CPU
		{C281AFF7-D452-4B8A-A5D2-BD1EDA12E777}.Release|Any CPU.Build.0 = Release|Any CPU
	EndGlobalSection
	GlobalSection(SolutionProperties) = preSolution
		HideSolutionNode = FALSE
	EndGlobalSection
	GlobalSection(ExtensibilityGlobals) = postSolution
		SolutionGuid = {7C08770B-C635-40D4-BD25-DCE3B448A8C9}
	EndGlobalSection
EndGlobal
