
Microsoft Visual Studio Solution File, Format Version 12.00
# Visual Studio Version 17
VisualStudioVersion = 17.4.33015.44
MinimumVisualStudioVersion = 10.0.40219.1
Project("{FAE04EC0-301F-11D3-BF4B-00C04F79EFBC}") = "NovateGen", "NovateGen\NovateGen.csproj", "{6B76917A-7445-4776-9F7B-8F76914ED55C}"
EndProject
Global
	GlobalSection(SolutionConfigurationPlatforms) = preSolution
		Debug|Any CPU = Debug|Any CPU
		Release|Any CPU = Release|Any CPU
	EndGlobalSection
	GlobalSection(ProjectConfigurationPlatforms) = postSolution
		{6B76917A-7445-4776-9F7B-8F76914ED55C}.Debug|Any CPU.ActiveCfg = Debug|Any CPU
		{6B76917A-7445-4776-9F7B-8F76914ED55C}.Debug|Any CPU.Build.0 = Debug|Any CPU
		{6B76917A-7445-4776-9F7B-8F76914ED55C}.Release|Any CPU.ActiveCfg = Release|Any CPU
		{6B76917A-7445-4776-9F7B-8F76914ED55C}.Release|Any CPU.Build.0 = Release|Any CPU
	EndGlobalSection
	GlobalSection(SolutionProperties) = preSolution
		HideSolutionNode = FALSE
	EndGlobalSection
	GlobalSection(ExtensibilityGlobals) = postSolution
		SolutionGuid = {BE4F8B9F-6F82-4593-89E5-2BF46B8E3680}
	EndGlobalSection
EndGlobal
